
Microsoft Visual Studio Solution File, Format Version 12.00
# Visual Studio Version 17
VisualStudioVersion = 17.0.32014.148
MinimumVisualStudioVersion = 10.0.40219.1
Project("{FAE04EC0-301F-11D3-BF4B-00C04F79EFBC}") = "Api", "SalesDatePredictionApi\Api.csproj", "{DC4E6A6B-3AB9-49DB-A2E0-A1D6C0D22D01}"
EndProject
Project("{2150E333-8FDC-42A3-9474-1A3956D46DE8}") = "Source", "Source", "{B33BD769-8563-4703-BC15-E1846286D887}"
EndProject
Project("{2150E333-8FDC-42A3-9474-1A3956D46DE8}") = "Api", "Api", "{BE444586-B8FC-422A-BE5D-408288BA6ABD}"
EndProject
Project("{2150E333-8FDC-42A3-9474-1A3956D46DE8}") = "Core", "Core", "{E62CE428-0BD4-4117-B974-2F54A185410B}"
EndProject
Project("{2150E333-8FDC-42A3-9474-1A3956D46DE8}") = "Infrastructure", "Infrastructure", "{66CD0454-1C5C-42DA-8C4F-2FA5D6D2BDF4}"
EndProject
Project("{2150E333-8FDC-42A3-9474-1A3956D46DE8}") = "Test", "Test", "{439CE2F3-AD9D-4A85-B35C-17C1A571043C}"
EndProject
Project("{FAE04EC0-301F-11D3-BF4B-00C04F79EFBC}") = "Application", "Application\Application.csproj", "{31DFD1C4-5B01-482A-9785-EAFC98A79283}"
EndProject
Project("{FAE04EC0-301F-11D3-BF4B-00C04F79EFBC}") = "Domain", "Domain\Domain.csproj", "{F886FFD8-C458-4DDB-A546-CFFBED63E11C}"
EndProject
Project("{FAE04EC0-301F-11D3-BF4B-00C04F79EFBC}") = "Utilities", "Utilities\Utilities.csproj", "{A3B4F074-4838-415C-9C21-AAE661CB05AB}"
EndProject
Project("{FAE04EC0-301F-11D3-BF4B-00C04F79EFBC}") = "Infrastructure", "Infrastructure\Infrastructure.csproj", "{9EFCA2D7-2BE3-4A01-9F8A-5687DC4EF1BE}"
EndProject
Project("{FAE04EC0-301F-11D3-BF4B-00C04F79EFBC}") = "Persistence", "Persistence\Persistence.csproj", "{CAAE1BFD-A5A6-412F-A6F9-31F6AD0F07E0}"
EndProject
Project("{FAE04EC0-301F-11D3-BF4B-00C04F79EFBC}") = "Test", "Test\Test.csproj", "{9DD20D31-8EAA-442E-9A76-C3823D7B1A7D}"
EndProject
Global
	GlobalSection(SolutionConfigurationPlatforms) = preSolution
		Debug|Any CPU = Debug|Any CPU
		Release|Any CPU = Release|Any CPU
	EndGlobalSection
	GlobalSection(ProjectConfigurationPlatforms) = postSolution
		{DC4E6A6B-3AB9-49DB-A2E0-A1D6C0D22D01}.Debug|Any CPU.ActiveCfg = Debug|Any CPU
		{DC4E6A6B-3AB9-49DB-A2E0-A1D6C0D22D01}.Debug|Any CPU.Build.0 = Debug|Any CPU
		{DC4E6A6B-3AB9-49DB-A2E0-A1D6C0D22D01}.Release|Any CPU.ActiveCfg = Release|Any CPU
		{DC4E6A6B-3AB9-49DB-A2E0-A1D6C0D22D01}.Release|Any CPU.Build.0 = Release|Any CPU
		{31DFD1C4-5B01-482A-9785-EAFC98A79283}.Debug|Any CPU.ActiveCfg = Debug|Any CPU
		{31DFD1C4-5B01-482A-9785-EAFC98A79283}.Debug|Any CPU.Build.0 = Debug|Any CPU
		{31DFD1C4-5B01-482A-9785-EAFC98A79283}.Release|Any CPU.ActiveCfg = Release|Any CPU
		{31DFD1C4-5B01-482A-9785-EAFC98A79283}.Release|Any CPU.Build.0 = Release|Any CPU
		{F886FFD8-C458-4DDB-A546-CFFBED63E11C}.Debug|Any CPU.ActiveCfg = Debug|Any CPU
		{F886FFD8-C458-4DDB-A546-CFFBED63E11C}.Debug|Any CPU.Build.0 = Debug|Any CPU
		{F886FFD8-C458-4DDB-A546-CFFBED63E11C}.Release|Any CPU.ActiveCfg = Release|Any CPU
		{F886FFD8-C458-4DDB-A546-CFFBED63E11C}.Release|Any CPU.Build.0 = Release|Any CPU
		{A3B4F074-4838-415C-9C21-AAE661CB05AB}.Debug|Any CPU.ActiveCfg = Debug|Any CPU
		{A3B4F074-4838-415C-9C21-AAE661CB05AB}.Debug|Any CPU.Build.0 = Debug|Any CPU
		{A3B4F074-4838-415C-9C21-AAE661CB05AB}.Release|Any CPU.ActiveCfg = Release|Any CPU
		{A3B4F074-4838-415C-9C21-AAE661CB05AB}.Release|Any CPU.Build.0 = Release|Any CPU
		{9EFCA2D7-2BE3-4A01-9F8A-5687DC4EF1BE}.Debug|Any CPU.ActiveCfg = Debug|Any CPU
		{9EFCA2D7-2BE3-4A01-9F8A-5687DC4EF1BE}.Debug|Any CPU.Build.0 = Debug|Any CPU
		{9EFCA2D7-2BE3-4A01-9F8A-5687DC4EF1BE}.Release|Any CPU.ActiveCfg = Release|Any CPU
		{9EFCA2D7-2BE3-4A01-9F8A-5687DC4EF1BE}.Release|Any CPU.Build.0 = Release|Any CPU
		{CAAE1BFD-A5A6-412F-A6F9-31F6AD0F07E0}.Debug|Any CPU.ActiveCfg = Debug|Any CPU
		{CAAE1BFD-A5A6-412F-A6F9-31F6AD0F07E0}.Debug|Any CPU.Build.0 = Debug|Any CPU
		{CAAE1BFD-A5A6-412F-A6F9-31F6AD0F07E0}.Release|Any CPU.ActiveCfg = Release|Any CPU
		{CAAE1BFD-A5A6-412F-A6F9-31F6AD0F07E0}.Release|Any CPU.Build.0 = Release|Any CPU
		{9DD20D31-8EAA-442E-9A76-C3823D7B1A7D}.Debug|Any CPU.ActiveCfg = Debug|Any CPU
		{9DD20D31-8EAA-442E-9A76-C3823D7B1A7D}.Debug|Any CPU.Build.0 = Debug|Any CPU
		{9DD20D31-8EAA-442E-9A76-C3823D7B1A7D}.Release|Any CPU.ActiveCfg = Release|Any CPU
		{9DD20D31-8EAA-442E-9A76-C3823D7B1A7D}.Release|Any CPU.Build.0 = Release|Any CPU
	EndGlobalSection
	GlobalSection(SolutionProperties) = preSolution
		HideSolutionNode = FALSE
	EndGlobalSection
	GlobalSection(NestedProjects) = preSolution
		{DC4E6A6B-3AB9-49DB-A2E0-A1D6C0D22D01} = {BE444586-B8FC-422A-BE5D-408288BA6ABD}
		{BE444586-B8FC-422A-BE5D-408288BA6ABD} = {B33BD769-8563-4703-BC15-E1846286D887}
		{E62CE428-0BD4-4117-B974-2F54A185410B} = {B33BD769-8563-4703-BC15-E1846286D887}
		{66CD0454-1C5C-42DA-8C4F-2FA5D6D2BDF4} = {B33BD769-8563-4703-BC15-E1846286D887}
		{439CE2F3-AD9D-4A85-B35C-17C1A571043C} = {B33BD769-8563-4703-BC15-E1846286D887}
		{31DFD1C4-5B01-482A-9785-EAFC98A79283} = {E62CE428-0BD4-4117-B974-2F54A185410B}
		{F886FFD8-C458-4DDB-A546-CFFBED63E11C} = {E62CE428-0BD4-4117-B974-2F54A185410B}
		{A3B4F074-4838-415C-9C21-AAE661CB05AB} = {E62CE428-0BD4-4117-B974-2F54A185410B}
		{9EFCA2D7-2BE3-4A01-9F8A-5687DC4EF1BE} = {66CD0454-1C5C-42DA-8C4F-2FA5D6D2BDF4}
		{CAAE1BFD-A5A6-412F-A6F9-31F6AD0F07E0} = {66CD0454-1C5C-42DA-8C4F-2FA5D6D2BDF4}
		{9DD20D31-8EAA-442E-9A76-C3823D7B1A7D} = {439CE2F3-AD9D-4A85-B35C-17C1A571043C}
	EndGlobalSection
	GlobalSection(ExtensibilityGlobals) = postSolution
		SolutionGuid = {98DAFF6D-91CE-4DB5-9FBE-8E9AD058063E}
	EndGlobalSection
EndGlobal
